// !$*UTF8*$!
{
	archiveVersion = 1;
	classes = {
	};
	objectVersion = 48;
	objects = {

/* Begin PBXBuildFile section */
		0408DBDA20625DE100502D06 /* WeekdaysViewController.swift in Sources */ = {isa = PBXBuildFile; fileRef = 0408DBD920625DE100502D06 /* WeekdaysViewController.swift */; };
		0408DBDC206290B000502D06 /* SoundsViewController.swift in Sources */ = {isa = PBXBuildFile; fileRef = 0408DBDB206290B000502D06 /* SoundsViewController.swift */; };
		0410CBA2201F343F00D86E29 /* AppDelegate.swift in Sources */ = {isa = PBXBuildFile; fileRef = 0410CBA1201F343F00D86E29 /* AppDelegate.swift */; };
		0410CBA4201F343F00D86E29 /* HomeViewController.swift in Sources */ = {isa = PBXBuildFile; fileRef = 0410CBA3201F343F00D86E29 /* HomeViewController.swift */; };
		0410CBA7201F343F00D86E29 /* Main.storyboard in Resources */ = {isa = PBXBuildFile; fileRef = 0410CBA5201F343F00D86E29 /* Main.storyboard */; };
		0410CBAC201F343F00D86E29 /* Assets.xcassets in Resources */ = {isa = PBXBuildFile; fileRef = 0410CBAB201F343F00D86E29 /* Assets.xcassets */; };
		0410CBAF201F343F00D86E29 /* LaunchScreen.storyboard in Resources */ = {isa = PBXBuildFile; fileRef = 0410CBAD201F343F00D86E29 /* LaunchScreen.storyboard */; };
		04309B832065001A00201E62 /* PropertyReflectable.swift in Sources */ = {isa = PBXBuildFile; fileRef = 04309B822065001A00201E62 /* PropertyReflectable.swift */; };
		04309B8520650CD800201E62 /* Persistent.swift in Sources */ = {isa = PBXBuildFile; fileRef = 04309B8420650CD800201E62 /* Persistent.swift */; };
		04309B87206A65C000201E62 /* SegueInfo.swift in Sources */ = {isa = PBXBuildFile; fileRef = 04309B86206A65C000201E62 /* SegueInfo.swift */; };
		04309B89206A6FE500201E62 /* Identifier.swift in Sources */ = {isa = PBXBuildFile; fileRef = 04309B88206A6FE500201E62 /* Identifier.swift */; };
		04309BAC206BD85900201E62 /* Scheduler.swift in Sources */ = {isa = PBXBuildFile; fileRef = 04309BAB206BD85800201E62 /* Scheduler.swift */; };
		0448E4C320726779000AB42D /* WeatherService.swift in Sources */ = {isa = PBXBuildFile; fileRef = 0448E4C220726779000AB42D /* WeatherService.swift */; };
		0458CC2B201F4C12004A5BBF /* WeatherDataModel.swift in Sources */ = {isa = PBXBuildFile; fileRef = 0458CC2A201F4C12004A5BBF /* WeatherDataModel.swift */; };
		04CE493B202861DF007941F7 /* WeatherNotificationModel.swift in Sources */ = {isa = PBXBuildFile; fileRef = 04CE493A202861DF007941F7 /* WeatherNotificationModel.swift */; };
		04CE493D202867B9007941F7 /* NotificationTableViewCell.swift in Sources */ = {isa = PBXBuildFile; fileRef = 04CE493C202867B9007941F7 /* NotificationTableViewCell.swift */; };
		04CE494220286F1C007941F7 /* deskBell.mp3 in Resources */ = {isa = PBXBuildFile; fileRef = 04CE494120286F1C007941F7 /* deskBell.mp3 */; };
		04CE494420286F34007941F7 /* icyBell.mp3 in Resources */ = {isa = PBXBuildFile; fileRef = 04CE494320286F34007941F7 /* icyBell.mp3 */; };
		04CE494620286F4E007941F7 /* slightBell.mp3 in Resources */ = {isa = PBXBuildFile; fileRef = 04CE494520286F4D007941F7 /* slightBell.mp3 */; };
		04CE494A2028B4E9007941F7 /* AddEditViewController.swift in Sources */ = {isa = PBXBuildFile; fileRef = 04CE49492028B4E9007941F7 /* AddEditViewController.swift */; };
		04F6894820220C46009A06DF /* NotificationsViewController.swift in Sources */ = {isa = PBXBuildFile; fileRef = 04F6894720220C46009A06DF /* NotificationsViewController.swift */; };
		1A3A3E3A6CAA4707C158F08E /* Pods_WeatherPlease.framework in Frameworks */ = {isa = PBXBuildFile; fileRef = D1D5B49B500E30EF5CE228FE /* Pods_WeatherPlease.framework */; };
/* End PBXBuildFile section */

/* Begin PBXFileReference section */
		0408DBD920625DE100502D06 /* WeekdaysViewController.swift */ = {isa = PBXFileReference; lastKnownFileType = sourcecode.swift; path = WeekdaysViewController.swift; sourceTree = "<group>"; };
		0408DBDB206290B000502D06 /* SoundsViewController.swift */ = {isa = PBXFileReference; lastKnownFileType = sourcecode.swift; path = SoundsViewController.swift; sourceTree = "<group>"; };
		0410CB9E201F343F00D86E29 /* WeatherPlease.app */ = {isa = PBXFileReference; explicitFileType = wrapper.application; includeInIndex = 0; path = WeatherPlease.app; sourceTree = BUILT_PRODUCTS_DIR; };
		0410CBA1201F343F00D86E29 /* AppDelegate.swift */ = {isa = PBXFileReference; lastKnownFileType = sourcecode.swift; path = AppDelegate.swift; sourceTree = "<group>"; };
		0410CBA3201F343F00D86E29 /* HomeViewController.swift */ = {isa = PBXFileReference; lastKnownFileType = sourcecode.swift; path = HomeViewController.swift; sourceTree = "<group>"; };
		0410CBA6201F343F00D86E29 /* Base */ = {isa = PBXFileReference; lastKnownFileType = file.storyboard; name = Base; path = Base.lproj/Main.storyboard; sourceTree = "<group>"; };
		0410CBAB201F343F00D86E29 /* Assets.xcassets */ = {isa = PBXFileReference; lastKnownFileType = folder.assetcatalog; path = Assets.xcassets; sourceTree = "<group>"; };
		0410CBAE201F343F00D86E29 /* Base */ = {isa = PBXFileReference; lastKnownFileType = file.storyboard; name = Base; path = Base.lproj/LaunchScreen.storyboard; sourceTree = "<group>"; };
		0410CBB0201F343F00D86E29 /* Info.plist */ = {isa = PBXFileReference; lastKnownFileType = text.plist.xml; path = Info.plist; sourceTree = "<group>"; };
		04309B822065001A00201E62 /* PropertyReflectable.swift */ = {isa = PBXFileReference; lastKnownFileType = sourcecode.swift; path = PropertyReflectable.swift; sourceTree = "<group>"; };
		04309B8420650CD800201E62 /* Persistent.swift */ = {isa = PBXFileReference; lastKnownFileType = sourcecode.swift; path = Persistent.swift; sourceTree = "<group>"; };
		04309B86206A65C000201E62 /* SegueInfo.swift */ = {isa = PBXFileReference; lastKnownFileType = sourcecode.swift; path = SegueInfo.swift; sourceTree = "<group>"; };
		04309B88206A6FE500201E62 /* Identifier.swift */ = {isa = PBXFileReference; lastKnownFileType = sourcecode.swift; path = Identifier.swift; sourceTree = "<group>"; };
		04309BAB206BD85800201E62 /* Scheduler.swift */ = {isa = PBXFileReference; lastKnownFileType = sourcecode.swift; path = Scheduler.swift; sourceTree = "<group>"; };
		0448E4C220726779000AB42D /* WeatherService.swift */ = {isa = PBXFileReference; lastKnownFileType = sourcecode.swift; path = WeatherService.swift; sourceTree = "<group>"; };
		0458CC2A201F4C12004A5BBF /* WeatherDataModel.swift */ = {isa = PBXFileReference; lastKnownFileType = sourcecode.swift; path = WeatherDataModel.swift; sourceTree = "<group>"; };
		04CE493A202861DF007941F7 /* WeatherNotificationModel.swift */ = {isa = PBXFileReference; lastKnownFileType = sourcecode.swift; path = WeatherNotificationModel.swift; sourceTree = "<group>"; };
		04CE493C202867B9007941F7 /* NotificationTableViewCell.swift */ = {isa = PBXFileReference; lastKnownFileType = sourcecode.swift; name = NotificationTableViewCell.swift; path = WeatherPlease/Controller/Notifications/NotificationTableViewCell.swift; sourceTree = SOURCE_ROOT; };
		04CE494120286F1C007941F7 /* deskBell.mp3 */ = {isa = PBXFileReference; lastKnownFileType = audio.mp3; path = deskBell.mp3; sourceTree = "<group>"; };
		04CE494320286F34007941F7 /* icyBell.mp3 */ = {isa = PBXFileReference; lastKnownFileType = audio.mp3; path = icyBell.mp3; sourceTree = "<group>"; };
		04CE494520286F4D007941F7 /* slightBell.mp3 */ = {isa = PBXFileReference; lastKnownFileType = audio.mp3; path = slightBell.mp3; sourceTree = "<group>"; };
		04CE49492028B4E9007941F7 /* AddEditViewController.swift */ = {isa = PBXFileReference; lastKnownFileType = sourcecode.swift; path = AddEditViewController.swift; sourceTree = "<group>"; };
		04F6894720220C46009A06DF /* NotificationsViewController.swift */ = {isa = PBXFileReference; lastKnownFileType = sourcecode.swift; path = NotificationsViewController.swift; sourceTree = "<group>"; };
		D1D5B49B500E30EF5CE228FE /* Pods_WeatherPlease.framework */ = {isa = PBXFileReference; explicitFileType = wrapper.framework; includeInIndex = 0; path = Pods_WeatherPlease.framework; sourceTree = BUILT_PRODUCTS_DIR; };
		DA1990B92C7814ECBF275DFF /* Pods-WeatherPlease.debug.xcconfig */ = {isa = PBXFileReference; includeInIndex = 1; lastKnownFileType = text.xcconfig; name = "Pods-WeatherPlease.debug.xcconfig"; path = "Pods/Target Support Files/Pods-WeatherPlease/Pods-WeatherPlease.debug.xcconfig"; sourceTree = "<group>"; };
		F8E1855F36E5D01B70DAAF8C /* Pods-WeatherPlease.release.xcconfig */ = {isa = PBXFileReference; includeInIndex = 1; lastKnownFileType = text.xcconfig; name = "Pods-WeatherPlease.release.xcconfig"; path = "Pods/Target Support Files/Pods-WeatherPlease/Pods-WeatherPlease.release.xcconfig"; sourceTree = "<group>"; };
/* End PBXFileReference section */

/* Begin PBXFrameworksBuildPhase section */
		0410CB9B201F343F00D86E29 /* Frameworks */ = {
			isa = PBXFrameworksBuildPhase;
			buildActionMask = 2147483647;
			files = (
				1A3A3E3A6CAA4707C158F08E /* Pods_WeatherPlease.framework in Frameworks */,
			);
			runOnlyForDeploymentPostprocessing = 0;
		};
/* End PBXFrameworksBuildPhase section */

/* Begin PBXGroup section */
		0410CB95201F343F00D86E29 = {
			isa = PBXGroup;
			children = (
				0410CBA0201F343F00D86E29 /* WeatherPlease */,
				0410CB9F201F343F00D86E29 /* Products */,
				1D8E3FA9D176735DB4A8CFE0 /* Pods */,
				75533E357E0451E0E3601396 /* Frameworks */,
			);
			sourceTree = "<group>";
		};
		0410CB9F201F343F00D86E29 /* Products */ = {
			isa = PBXGroup;
			children = (
				0410CB9E201F343F00D86E29 /* WeatherPlease.app */,
			);
			name = Products;
			sourceTree = "<group>";
		};
		0410CBA0201F343F00D86E29 /* WeatherPlease */ = {
			isa = PBXGroup;
			children = (
				0410CBAB201F343F00D86E29 /* Assets.xcassets */,
				04CE494020286EFA007941F7 /* Sounds */,
				04CE493920285DA3007941F7 /* App */,
				0448E4C620727E4D000AB42D /* Service */,
				0458CC27201F4B24004A5BBF /* Controller */,
				0458CC29201F4BAD004A5BBF /* Model */,
				04309B7F2064FF7C00201E62 /* Protocol */,
				0458CC28201F4B57004A5BBF /* View */,
				0410CBB0201F343F00D86E29 /* Info.plist */,
			);
			path = WeatherPlease;
			sourceTree = "<group>";
		};
		04309B7F2064FF7C00201E62 /* Protocol */ = {
			isa = PBXGroup;
			children = (
				04309B822065001A00201E62 /* PropertyReflectable.swift */,
				04309B8420650CD800201E62 /* Persistent.swift */,
			);
			path = Protocol;
			sourceTree = "<group>";
		};
		0448E4C620727E4D000AB42D /* Service */ = {
			isa = PBXGroup;
			children = (
				0448E4C220726779000AB42D /* WeatherService.swift */,
				04309BAB206BD85800201E62 /* Scheduler.swift */,
			);
			path = Service;
			sourceTree = "<group>";
		};
		0458CC27201F4B24004A5BBF /* Controller */ = {
			isa = PBXGroup;
			children = (
				0410CBA3201F343F00D86E29 /* HomeViewController.swift */,
				04F6894720220C46009A06DF /* NotificationsViewController.swift */,
				04CE493C202867B9007941F7 /* NotificationTableViewCell.swift */,
				04CE49492028B4E9007941F7 /* AddEditViewController.swift */,
				0408DBD920625DE100502D06 /* WeekdaysViewController.swift */,
				0408DBDB206290B000502D06 /* SoundsViewController.swift */,
			);
			path = Controller;
			sourceTree = "<group>";
		};
		0458CC28201F4B57004A5BBF /* View */ = {
			isa = PBXGroup;
			children = (
				0410CBA5201F343F00D86E29 /* Main.storyboard */,
				0410CBAD201F343F00D86E29 /* LaunchScreen.storyboard */,
			);
			path = View;
			sourceTree = "<group>";
		};
		0458CC29201F4BAD004A5BBF /* Model */ = {
			isa = PBXGroup;
			children = (
				0458CC2A201F4C12004A5BBF /* WeatherDataModel.swift */,
				04CE493A202861DF007941F7 /* WeatherNotificationModel.swift */,
				04309B86206A65C000201E62 /* SegueInfo.swift */,
			);
			path = Model;
			sourceTree = "<group>";
		};
		04CE493920285DA3007941F7 /* App */ = {
			isa = PBXGroup;
			children = (
				0410CBA1201F343F00D86E29 /* AppDelegate.swift */,
				04309B88206A6FE500201E62 /* Identifier.swift */,
			);
			path = App;
			sourceTree = "<group>";
		};
		04CE494020286EFA007941F7 /* Sounds */ = {
			isa = PBXGroup;
			children = (
				04CE494120286F1C007941F7 /* deskBell.mp3 */,
				04CE494320286F34007941F7 /* icyBell.mp3 */,
				04CE494520286F4D007941F7 /* slightBell.mp3 */,
			);
			path = Sounds;
			sourceTree = "<group>";
		};
		1D8E3FA9D176735DB4A8CFE0 /* Pods */ = {
			isa = PBXGroup;
			children = (
				DA1990B92C7814ECBF275DFF /* Pods-WeatherPlease.debug.xcconfig */,
				F8E1855F36E5D01B70DAAF8C /* Pods-WeatherPlease.release.xcconfig */,
			);
			name = Pods;
			sourceTree = "<group>";
		};
		75533E357E0451E0E3601396 /* Frameworks */ = {
			isa = PBXGroup;
			children = (
				D1D5B49B500E30EF5CE228FE /* Pods_WeatherPlease.framework */,
			);
			name = Frameworks;
			sourceTree = "<group>";
		};
/* End PBXGroup section */

/* Begin PBXNativeTarget section */
		0410CB9D201F343F00D86E29 /* WeatherPlease */ = {
			isa = PBXNativeTarget;
			buildConfigurationList = 0410CBB3201F343F00D86E29 /* Build configuration list for PBXNativeTarget "WeatherPlease" */;
			buildPhases = (
				4D6BBF23E87D30CE758D68E1 /* [CP] Check Pods Manifest.lock */,
				0410CB9A201F343F00D86E29 /* Sources */,
				0410CB9B201F343F00D86E29 /* Frameworks */,
				0410CB9C201F343F00D86E29 /* Resources */,
				9B89F259F2882EAED6F810D6 /* [CP] Embed Pods Frameworks */,
				F976307BB184CC63DCC157CA /* [CP] Copy Pods Resources */,
			);
			buildRules = (
			);
			dependencies = (
			);
			name = WeatherPlease;
			productName = WeatherPlease;
			productReference = 0410CB9E201F343F00D86E29 /* WeatherPlease.app */;
			productType = "com.apple.product-type.application";
		};
/* End PBXNativeTarget section */

/* Begin PBXProject section */
		0410CB96201F343F00D86E29 /* Project object */ = {
			isa = PBXProject;
			attributes = {
				LastSwiftUpdateCheck = 0920;
				LastUpgradeCheck = 0930;
				ORGANIZATIONNAME = "Виктория Бадисова";
				TargetAttributes = {
					0410CB9D201F343F00D86E29 = {
						CreatedOnToolsVersion = 9.2;
						ProvisioningStyle = Automatic;
						SystemCapabilities = {
							com.apple.BackgroundModes = {
								enabled = 1;
							};
						};
					};
				};
			};
			buildConfigurationList = 0410CB99201F343F00D86E29 /* Build configuration list for PBXProject "WeatherPlease" */;
			compatibilityVersion = "Xcode 8.0";
			developmentRegion = en;
			hasScannedForEncodings = 0;
			knownRegions = (
				en,
				Base,
			);
			mainGroup = 0410CB95201F343F00D86E29;
			productRefGroup = 0410CB9F201F343F00D86E29 /* Products */;
			projectDirPath = "";
			projectRoot = "";
			targets = (
				0410CB9D201F343F00D86E29 /* WeatherPlease */,
			);
		};
/* End PBXProject section */

/* Begin PBXResourcesBuildPhase section */
		0410CB9C201F343F00D86E29 /* Resources */ = {
			isa = PBXResourcesBuildPhase;
			buildActionMask = 2147483647;
			files = (
				04CE494620286F4E007941F7 /* slightBell.mp3 in Resources */,
				04CE494220286F1C007941F7 /* deskBell.mp3 in Resources */,
				0410CBAF201F343F00D86E29 /* LaunchScreen.storyboard in Resources */,
				0410CBAC201F343F00D86E29 /* Assets.xcassets in Resources */,
				0410CBA7201F343F00D86E29 /* Main.storyboard in Resources */,
				04CE494420286F34007941F7 /* icyBell.mp3 in Resources */,
			);
			runOnlyForDeploymentPostprocessing = 0;
		};
/* End PBXResourcesBuildPhase section */

/* Begin PBXShellScriptBuildPhase section */
		4D6BBF23E87D30CE758D68E1 /* [CP] Check Pods Manifest.lock */ = {
			isa = PBXShellScriptBuildPhase;
			buildActionMask = 2147483647;
			files = (
			);
			inputPaths = (
				"${PODS_PODFILE_DIR_PATH}/Podfile.lock",
				"${PODS_ROOT}/Manifest.lock",
			);
			name = "[CP] Check Pods Manifest.lock";
			outputPaths = (
				"$(DERIVED_FILE_DIR)/Pods-WeatherPlease-checkManifestLockResult.txt",
			);
			runOnlyForDeploymentPostprocessing = 0;
			shellPath = /bin/sh;
			shellScript = "diff \"${PODS_PODFILE_DIR_PATH}/Podfile.lock\" \"${PODS_ROOT}/Manifest.lock\" > /dev/null\nif [ $? != 0 ] ; then\n    # print error to STDERR\n    echo \"error: The sandbox is not in sync with the Podfile.lock. Run 'pod install' or update your CocoaPods installation.\" >&2\n    exit 1\nfi\n# This output is used by Xcode 'outputs' to avoid re-running this script phase.\necho \"SUCCESS\" > \"${SCRIPT_OUTPUT_FILE_0}\"\n";
			showEnvVarsInLog = 0;
		};
		9B89F259F2882EAED6F810D6 /* [CP] Embed Pods Frameworks */ = {
			isa = PBXShellScriptBuildPhase;
			buildActionMask = 2147483647;
			files = (
			);
			inputPaths = (
				"${SRCROOT}/Pods/Target Support Files/Pods-WeatherPlease/Pods-WeatherPlease-frameworks.sh",
				"${BUILT_PRODUCTS_DIR}/Alamofire/Alamofire.framework",
				"${BUILT_PRODUCTS_DIR}/SwiftyJSON/SwiftyJSON.framework",
			);
			name = "[CP] Embed Pods Frameworks";
			outputPaths = (
				"${TARGET_BUILD_DIR}/${FRAMEWORKS_FOLDER_PATH}/Alamofire.framework",
				"${TARGET_BUILD_DIR}/${FRAMEWORKS_FOLDER_PATH}/SwiftyJSON.framework",
			);
			runOnlyForDeploymentPostprocessing = 0;
			shellPath = /bin/sh;
			shellScript = "\"${SRCROOT}/Pods/Target Support Files/Pods-WeatherPlease/Pods-WeatherPlease-frameworks.sh\"\n";
			showEnvVarsInLog = 0;
		};
		F976307BB184CC63DCC157CA /* [CP] Copy Pods Resources */ = {
			isa = PBXShellScriptBuildPhase;
			buildActionMask = 2147483647;
			files = (
			);
			inputPaths = (
			);
			name = "[CP] Copy Pods Resources";
			outputPaths = (
			);
			runOnlyForDeploymentPostprocessing = 0;
			shellPath = /bin/sh;
			shellScript = "\"${SRCROOT}/Pods/Target Support Files/Pods-WeatherPlease/Pods-WeatherPlease-resources.sh\"\n";
			showEnvVarsInLog = 0;
		};
/* End PBXShellScriptBuildPhase section */

/* Begin PBXSourcesBuildPhase section */
		0410CB9A201F343F00D86E29 /* Sources */ = {
			isa = PBXSourcesBuildPhase;
			buildActionMask = 2147483647;
			files = (
				0408DBDA20625DE100502D06 /* WeekdaysViewController.swift in Sources */,
				04309BAC206BD85900201E62 /* Scheduler.swift in Sources */,
				04F6894820220C46009A06DF /* NotificationsViewController.swift in Sources */,
				04309B832065001A00201E62 /* PropertyReflectable.swift in Sources */,
				04309B89206A6FE500201E62 /* Identifier.swift in Sources */,
				0458CC2B201F4C12004A5BBF /* WeatherDataModel.swift in Sources */,
				04CE493D202867B9007941F7 /* NotificationTableViewCell.swift in Sources */,
				04CE494A2028B4E9007941F7 /* AddEditViewController.swift in Sources */,
				04309B8520650CD800201E62 /* Persistent.swift in Sources */,
				04309B87206A65C000201E62 /* SegueInfo.swift in Sources */,
				0448E4C320726779000AB42D /* WeatherService.swift in Sources */,
				0408DBDC206290B000502D06 /* SoundsViewController.swift in Sources */,
				0410CBA4201F343F00D86E29 /* HomeViewController.swift in Sources */,
				0410CBA2201F343F00D86E29 /* AppDelegate.swift in Sources */,
				04CE493B202861DF007941F7 /* WeatherNotificationModel.swift in Sources */,
			);
			runOnlyForDeploymentPostprocessing = 0;
		};
/* End PBXSourcesBuildPhase section */

/* Begin PBXVariantGroup section */
		0410CBA5201F343F00D86E29 /* Main.storyboard */ = {
			isa = PBXVariantGroup;
			children = (
				0410CBA6201F343F00D86E29 /* Base */,
			);
			name = Main.storyboard;
			sourceTree = "<group>";
		};
		0410CBAD201F343F00D86E29 /* LaunchScreen.storyboard */ = {
			isa = PBXVariantGroup;
			children = (
				0410CBAE201F343F00D86E29 /* Base */,
			);
			name = LaunchScreen.storyboard;
			sourceTree = "<group>";
		};
/* End PBXVariantGroup section */

/* Begin XCBuildConfiguration section */
		0410CBB1201F343F00D86E29 /* Debug */ = {
			isa = XCBuildConfiguration;
			buildSettings = {
				ALWAYS_SEARCH_USER_PATHS = NO;
				CLANG_ANALYZER_NONNULL = YES;
				CLANG_ANALYZER_NUMBER_OBJECT_CONVERSION = YES_AGGRESSIVE;
				CLANG_CXX_LANGUAGE_STANDARD = "gnu++14";
				CLANG_CXX_LIBRARY = "libc++";
				CLANG_ENABLE_MODULES = YES;
				CLANG_ENABLE_OBJC_ARC = YES;
				CLANG_WARN_BLOCK_CAPTURE_AUTORELEASING = YES;
				CLANG_WARN_BOOL_CONVERSION = YES;
				CLANG_WARN_COMMA = YES;
				CLANG_WARN_CONSTANT_CONVERSION = YES;
				CLANG_WARN_DEPRECATED_OBJC_IMPLEMENTATIONS = YES;
				CLANG_WARN_DIRECT_OBJC_ISA_USAGE = YES_ERROR;
				CLANG_WARN_DOCUMENTATION_COMMENTS = YES;
				CLANG_WARN_EMPTY_BODY = YES;
				CLANG_WARN_ENUM_CONVERSION = YES;
				CLANG_WARN_INFINITE_RECURSION = YES;
				CLANG_WARN_INT_CONVERSION = YES;
				CLANG_WARN_NON_LITERAL_NULL_CONVERSION = YES;
				CLANG_WARN_OBJC_IMPLICIT_RETAIN_SELF = YES;
				CLANG_WARN_OBJC_LITERAL_CONVERSION = YES;
				CLANG_WARN_OBJC_ROOT_CLASS = YES_ERROR;
				CLANG_WARN_RANGE_LOOP_ANALYSIS = YES;
				CLANG_WARN_STRICT_PROTOTYPES = YES;
				CLANG_WARN_SUSPICIOUS_MOVE = YES;
				CLANG_WARN_UNGUARDED_AVAILABILITY = YES_AGGRESSIVE;
				CLANG_WARN_UNREACHABLE_CODE = YES;
				CLANG_WARN__DUPLICATE_METHOD_MATCH = YES;
				CODE_SIGN_IDENTITY = "iPhone Developer";
				COPY_PHASE_STRIP = NO;
				DEBUG_INFORMATION_FORMAT = dwarf;
				ENABLE_STRICT_OBJC_MSGSEND = YES;
				ENABLE_TESTABILITY = YES;
				GCC_C_LANGUAGE_STANDARD = gnu11;
				GCC_DYNAMIC_NO_PIC = NO;
				GCC_NO_COMMON_BLOCKS = YES;
				GCC_OPTIMIZATION_LEVEL = 0;
				GCC_PREPROCESSOR_DEFINITIONS = (
					"DEBUG=1",
					"$(inherited)",
				);
				GCC_WARN_64_TO_32_BIT_CONVERSION = YES;
				GCC_WARN_ABOUT_RETURN_TYPE = YES_ERROR;
				GCC_WARN_UNDECLARED_SELECTOR = YES;
				GCC_WARN_UNINITIALIZED_AUTOS = YES_AGGRESSIVE;
				GCC_WARN_UNUSED_FUNCTION = YES;
				GCC_WARN_UNUSED_VARIABLE = YES;
				IPHONEOS_DEPLOYMENT_TARGET = 11.2;
				MTL_ENABLE_DEBUG_INFO = YES;
				ONLY_ACTIVE_ARCH = YES;
				SDKROOT = iphoneos;
				SWIFT_ACTIVE_COMPILATION_CONDITIONS = DEBUG;
				SWIFT_OPTIMIZATION_LEVEL = "-Onone";
			};
			name = Debug;
		};
		0410CBB2201F343F00D86E29 /* Release */ = {
			isa = XCBuildConfiguration;
			buildSettings = {
				ALWAYS_SEARCH_USER_PATHS = NO;
				CLANG_ANALYZER_NONNULL = YES;
				CLANG_ANALYZER_NUMBER_OBJECT_CONVERSION = YES_AGGRESSIVE;
				CLANG_CXX_LANGUAGE_STANDARD = "gnu++14";
				CLANG_CXX_LIBRARY = "libc++";
				CLANG_ENABLE_MODULES = YES;
				CLANG_ENABLE_OBJC_ARC = YES;
				CLANG_WARN_BLOCK_CAPTURE_AUTORELEASING = YES;
				CLANG_WARN_BOOL_CONVERSION = YES;
				CLANG_WARN_COMMA = YES;
				CLANG_WARN_CONSTANT_CONVERSION = YES;
				CLANG_WARN_DEPRECATED_OBJC_IMPLEMENTATIONS = YES;
				CLANG_WARN_DIRECT_OBJC_ISA_USAGE = YES_ERROR;
				CLANG_WARN_DOCUMENTATION_COMMENTS = YES;
				CLANG_WARN_EMPTY_BODY = YES;
				CLANG_WARN_ENUM_CONVERSION = YES;
				CLANG_WARN_INFINITE_RECURSION = YES;
				CLANG_WARN_INT_CONVERSION = YES;
				CLANG_WARN_NON_LITERAL_NULL_CONVERSION = YES;
				CLANG_WARN_OBJC_IMPLICIT_RETAIN_SELF = YES;
				CLANG_WARN_OBJC_LITERAL_CONVERSION = YES;
				CLANG_WARN_OBJC_ROOT_CLASS = YES_ERROR;
				CLANG_WARN_RANGE_LOOP_ANALYSIS = YES;
				CLANG_WARN_STRICT_PROTOTYPES = YES;
				CLANG_WARN_SUSPICIOUS_MOVE = YES;
				CLANG_WARN_UNGUARDED_AVAILABILITY = YES_AGGRESSIVE;
				CLANG_WARN_UNREACHABLE_CODE = YES;
				CLANG_WARN__DUPLICATE_METHOD_MATCH = YES;
				CODE_SIGN_IDENTITY = "iPhone Developer";
				COPY_PHASE_STRIP = NO;
				DEBUG_INFORMATION_FORMAT = "dwarf-with-dsym";
				ENABLE_NS_ASSERTIONS = NO;
				ENABLE_STRICT_OBJC_MSGSEND = YES;
				GCC_C_LANGUAGE_STANDARD = gnu11;
				GCC_NO_COMMON_BLOCKS = YES;
				GCC_WARN_64_TO_32_BIT_CONVERSION = YES;
				GCC_WARN_ABOUT_RETURN_TYPE = YES_ERROR;
				GCC_WARN_UNDECLARED_SELECTOR = YES;
				GCC_WARN_UNINITIALIZED_AUTOS = YES_AGGRESSIVE;
				GCC_WARN_UNUSED_FUNCTION = YES;
				GCC_WARN_UNUSED_VARIABLE = YES;
				IPHONEOS_DEPLOYMENT_TARGET = 11.2;
				MTL_ENABLE_DEBUG_INFO = NO;
				SDKROOT = iphoneos;
				SWIFT_OPTIMIZATION_LEVEL = "-Owholemodule";
				VALIDATE_PRODUCT = YES;
			};
			name = Release;
		};
		0410CBB4201F343F00D86E29 /* Debug */ = {
			isa = XCBuildConfiguration;
			baseConfigurationReference = DA1990B92C7814ECBF275DFF /* Pods-WeatherPlease.debug.xcconfig */;
			buildSettings = {
				ASSETCATALOG_COMPILER_APPICON_NAME = AppIcon;
				CODE_SIGN_STYLE = Automatic;
				DEVELOPMENT_TEAM = 9E7V52UM47;
				INFOPLIST_FILE = WeatherPlease/Info.plist;
				IPHONEOS_DEPLOYMENT_TARGET = 10.3;
				LD_RUNPATH_SEARCH_PATHS = "$(inherited) @executable_path/Frameworks";
				PRODUCT_BUNDLE_IDENTIFIER = com.vbadisova.WeatherPlease;
				PRODUCT_NAME = "$(TARGET_NAME)";
				SWIFT_VERSION = 4.0;
				TARGETED_DEVICE_FAMILY = "1,2";
			};
			name = Debug;
		};
		0410CBB5201F343F00D86E29 /* Release */ = {
			isa = XCBuildConfiguration;
			baseConfigurationReference = F8E1855F36E5D01B70DAAF8C /* Pods-WeatherPlease.release.xcconfig */;
			buildSettings = {
				ASSETCATALOG_COMPILER_APPICON_NAME = AppIcon;
				CODE_SIGN_STYLE = Automatic;
				DEVELOPMENT_TEAM = 9E7V52UM47;
				INFOPLIST_FILE = WeatherPlease/Info.plist;
				IPHONEOS_DEPLOYMENT_TARGET = 10.3;
				LD_RUNPATH_SEARCH_PATHS = "$(inherited) @executable_path/Frameworks";
				PRODUCT_BUNDLE_IDENTIFIER = com.vbadisova.WeatherPlease;
				PRODUCT_NAME = "$(TARGET_NAME)";
				SWIFT_VERSION = 4.0;
				TARGETED_DEVICE_FAMILY = "1,2";
			};
			name = Release;
		};
/* End XCBuildConfiguration section */

/* Begin XCConfigurationList section */
		0410CB99201F343F00D86E29 /* Build configuration list for PBXProject "WeatherPlease" */ = {
			isa = XCConfigurationList;
			buildConfigurations = (
				0410CBB1201F343F00D86E29 /* Debug */,
				0410CBB2201F343F00D86E29 /* Release */,
			);
			defaultConfigurationIsVisible = 0;
			defaultConfigurationName = Release;
		};
		0410CBB3201F343F00D86E29 /* Build configuration list for PBXNativeTarget "WeatherPlease" */ = {
			isa = XCConfigurationList;
			buildConfigurations = (
				0410CBB4201F343F00D86E29 /* Debug */,
				0410CBB5201F343F00D86E29 /* Release */,
			);
			defaultConfigurationIsVisible = 0;
			defaultConfigurationName = Release;
		};
/* End XCConfigurationList section */
	};
	rootObject = 0410CB96201F343F00D86E29 /* Project object */;
}
